
Microsoft Visual Studio Solution File, Format Version 12.00
# Visual Studio 15
VisualStudioVersion = 15.0.28307.271
MinimumVisualStudioVersion = 10.0.40219.1
Project("{FAE04EC0-301F-11D3-BF4B-00C04F79EFBC}") = "ConsoleFilm", "FilmShop\ConsoleFilm.csproj", "{3EC64008-7AD9-4613-9F5F-3C749148E599}"
EndProject
Project("{FAE04EC0-301F-11D3-BF4B-00C04F79EFBC}") = "FilmLib", "ClassLibrary1\FilmLib.csproj", "{988E8448-ED2D-44A0-B2F9-5014C109AFBC}"
EndProject
Project("{FAE04EC0-301F-11D3-BF4B-00C04F79EFBC}") = "Test", "Test\Test.csproj", "{584D8998-1E7A-4A87-9945-E530D4CF8AF0}"
EndProject
Global
	GlobalSection(SolutionConfigurationPlatforms) = preSolution
		Debug|Any CPU = Debug|Any CPU
		Release|Any CPU = Release|Any CPU
	EndGlobalSection
	GlobalSection(ProjectConfigurationPlatforms) = postSolution
		{3EC64008-7AD9-4613-9F5F-3C749148E599}.Debug|Any CPU.ActiveCfg = Debug|Any CPU
		{3EC64008-7AD9-4613-9F5F-3C749148E599}.Debug|Any CPU.Build.0 = Debug|Any CPU
		{3EC64008-7AD9-4613-9F5F-3C749148E599}.Release|Any CPU.ActiveCfg = Release|Any CPU
		{3EC64008-7AD9-4613-9F5F-3C749148E599}.Release|Any CPU.Build.0 = Release|Any CPU
		{988E8448-ED2D-44A0-B2F9-5014C109AFBC}.Debug|Any CPU.ActiveCfg = Debug|Any CPU
		{988E8448-ED2D-44A0-B2F9-5014C109AFBC}.Debug|Any CPU.Build.0 = Debug|Any CPU
		{988E8448-ED2D-44A0-B2F9-5014C109AFBC}.Release|Any CPU.ActiveCfg = Release|Any CPU
		{988E8448-ED2D-44A0-B2F9-5014C109AFBC}.Release|Any CPU.Build.0 = Release|Any CPU
		{584D8998-1E7A-4A87-9945-E530D4CF8AF0}.Debug|Any CPU.ActiveCfg = Debug|Any CPU
		{584D8998-1E7A-4A87-9945-E530D4CF8AF0}.Debug|Any CPU.Build.0 = Debug|Any CPU
		{584D8998-1E7A-4A87-9945-E530D4CF8AF0}.Release|Any CPU.ActiveCfg = Release|Any CPU
		{584D8998-1E7A-4A87-9945-E530D4CF8AF0}.Release|Any CPU.Build.0 = Release|Any CPU
	EndGlobalSection
	GlobalSection(SolutionProperties) = preSolution
		HideSolutionNode = FALSE
	EndGlobalSection
	GlobalSection(ExtensibilityGlobals) = postSolution
		SolutionGuid = {0C64CE46-32E5-46F4-8383-F7A729C38AEF}
	EndGlobalSection
EndGlobal
